
Microsoft Visual Studio Solution File, Format Version 12.00
# Visual Studio Version 16
VisualStudioVersion = 16.0.30517.126
MinimumVisualStudioVersion = 10.0.40219.1
Project("{FAE04EC0-301F-11D3-BF4B-00C04F79EFBC}") = "SecureCore", "SecureCore.csproj", "{395D367E-52F2-4646-B935-AADBBB723E94}"
EndProject
Global
	GlobalSection(SolutionConfigurationPlatforms) = preSolution
		Debug|Any CPU = Debug|Any CPU
		Release|Any CPU = Release|Any CPU
	EndGlobalSection
	GlobalSection(ProjectConfigurationPlatforms) = postSolution
		{395D367E-52F2-4646-B935-AADBBB723E94}.Debug|Any CPU.ActiveCfg = Debug|Any CPU
		{395D367E-52F2-4646-B935-AADBBB723E94}.Debug|Any CPU.Build.0 = Debug|Any CPU
		{395D367E-52F2-4646-B935-AADBBB723E94}.Release|Any CPU.ActiveCfg = Release|Any CPU
		{395D367E-52F2-4646-B935-AADBBB723E94}.Release|Any CPU.Build.0 = Release|Any CPU
	EndGlobalSection
	GlobalSection(SolutionProperties) = preSolution
		HideSolutionNode = FALSE
	EndGlobalSection
	GlobalSection(ExtensibilityGlobals) = postSolution
		SolutionGuid = {FD82A930-A3E4-4357-86F2-E5C28DDA4F9F}
	EndGlobalSection
EndGlobal
